
Microsoft Visual Studio Solution File, Format Version 12.00
# Visual Studio 15
VisualStudioVersion = 15.0.27130.2027
MinimumVisualStudioVersion = 10.0.40219.1
Project("{FAE04EC0-301F-11D3-BF4B-00C04F79EFBC}") = "Newglee", "Newglee\Newglee.csproj", "{DE496265-E816-45F3-BFCD-F446B6CA84E9}"
EndProject
Project("{FAE04EC0-301F-11D3-BF4B-00C04F79EFBC}") = "Test", "Test\Test.csproj", "{3E0D018A-B83F-4898-A997-8AF8CBAE3F6F}"
EndProject
Global
	GlobalSection(SolutionConfigurationPlatforms) = preSolution
		Debug|Any CPU = Debug|Any CPU
		Release|Any CPU = Release|Any CPU
	EndGlobalSection
	GlobalSection(ProjectConfigurationPlatforms) = postSolution
		{DE496265-E816-45F3-BFCD-F446B6CA84E9}.Debug|Any CPU.ActiveCfg = Debug|Any CPU
		{DE496265-E816-45F3-BFCD-F446B6CA84E9}.Debug|Any CPU.Build.0 = Debug|Any CPU
		{DE496265-E816-45F3-BFCD-F446B6CA84E9}.Release|Any CPU.ActiveCfg = Release|Any CPU
		{DE496265-E816-45F3-BFCD-F446B6CA84E9}.Release|Any CPU.Build.0 = Release|Any CPU
		{3E0D018A-B83F-4898-A997-8AF8CBAE3F6F}.Debug|Any CPU.ActiveCfg = Debug|Any CPU
		{3E0D018A-B83F-4898-A997-8AF8CBAE3F6F}.Debug|Any CPU.Build.0 = Debug|Any CPU
		{3E0D018A-B83F-4898-A997-8AF8CBAE3F6F}.Release|Any CPU.ActiveCfg = Release|Any CPU
		{3E0D018A-B83F-4898-A997-8AF8CBAE3F6F}.Release|Any CPU.Build.0 = Release|Any CPU
	EndGlobalSection
	GlobalSection(SolutionProperties) = preSolution
		HideSolutionNode = FALSE
	EndGlobalSection
	GlobalSection(ExtensibilityGlobals) = postSolution
		SolutionGuid = {278EDB20-8172-482C-8D5B-BCC0BFA4E550}
	EndGlobalSection
EndGlobal
